// !$*UTF8*$!
{
	archiveVersion = 1;
	classes = {
	};
	objectVersion = 46;
	objects = {

/* Begin PBXBuildFile section */
		1A45BC201EADDA10007ECB5D /* main.m in Sources */ = {isa = PBXBuildFile; fileRef = 1A45BC1F1EADDA10007ECB5D /* main.m */; };
		1A45BC231EADDA10007ECB5D /* AppDelegate.m in Sources */ = {isa = PBXBuildFile; fileRef = 1A45BC221EADDA10007ECB5D /* AppDelegate.m */; };
		1A45BC261EADDA10007ECB5D /* ViewController.m in Sources */ = {isa = PBXBuildFile; fileRef = 1A45BC251EADDA10007ECB5D /* ViewController.m */; };
		1A45BC2B1EADDA10007ECB5D /* Assets.xcassets in Resources */ = {isa = PBXBuildFile; fileRef = 1A45BC2A1EADDA10007ECB5D /* Assets.xcassets */; };
		1A45BC2E1EADDA10007ECB5D /* LaunchScreen.storyboard in Resources */ = {isa = PBXBuildFile; fileRef = 1A45BC2C1EADDA10007ECB5D /* LaunchScreen.storyboard */; };
		1A45BC391EADDA10007ECB5D /* WRCellViewDemoTests.m in Sources */ = {isa = PBXBuildFile; fileRef = 1A45BC381EADDA10007ECB5D /* WRCellViewDemoTests.m */; };
		1A45BC461EADE0F3007ECB5D /* WRCellView.m in Sources */ = {isa = PBXBuildFile; fileRef = 1A45BC451EADE0F3007ECB5D /* WRCellView.m */; };
		1A6343B81EAEF1CF00C646B8 /* DemoListController.m in Sources */ = {isa = PBXBuildFile; fileRef = 1A6343B71EAEF1CF00C646B8 /* DemoListController.m */; };
		1A6343BB1EAEF8FD00C646B8 /* MineInfoController.m in Sources */ = {isa = PBXBuildFile; fileRef = 1A6343BA1EAEF8FD00C646B8 /* MineInfoController.m */; };
		1A6343BE1EAF30AF00C646B8 /* GaoDeSettingController.m in Sources */ = {isa = PBXBuildFile; fileRef = 1A6343BD1EAF30AF00C646B8 /* GaoDeSettingController.m */; };
		1A6343C11EAF46FE00C646B8 /* NBAController.m in Sources */ = {isa = PBXBuildFile; fileRef = 1A6343C01EAF46FE00C646B8 /* NBAController.m */; };
/* End PBXBuildFile section */

/* Begin PBXContainerItemProxy section */
		1A45BC351EADDA10007ECB5D /* PBXContainerItemProxy */ = {
			isa = PBXContainerItemProxy;
			containerPortal = 1A45BC131EADDA10007ECB5D /* Project object */;
			proxyType = 1;
			remoteGlobalIDString = 1A45BC1A1EADDA10007ECB5D;
			remoteInfo = WRCellViewDemo;
		};
/* End PBXContainerItemProxy section */

/* Begin PBXFileReference section */
		1A45BC1B1EADDA10007ECB5D /* WRCellViewDemo.app */ = {isa = PBXFileReference; explicitFileType = wrapper.application; includeInIndex = 0; path = WRCellViewDemo.app; sourceTree = BUILT_PRODUCTS_DIR; };
		1A45BC1F1EADDA10007ECB5D /* main.m */ = {isa = PBXFileReference; lastKnownFileType = sourcecode.c.objc; path = main.m; sourceTree = "<group>"; };
		1A45BC211EADDA10007ECB5D /* AppDelegate.h */ = {isa = PBXFileReference; lastKnownFileType = sourcecode.c.h; path = AppDelegate.h; sourceTree = "<group>"; };
		1A45BC221EADDA10007ECB5D /* AppDelegate.m */ = {isa = PBXFileReference; lastKnownFileType = sourcecode.c.objc; path = AppDelegate.m; sourceTree = "<group>"; };
		1A45BC241EADDA10007ECB5D /* ViewController.h */ = {isa = PBXFileReference; lastKnownFileType = sourcecode.c.h; path = ViewController.h; sourceTree = "<group>"; };
		1A45BC251EADDA10007ECB5D /* ViewController.m */ = {isa = PBXFileReference; lastKnownFileType = sourcecode.c.objc; path = ViewController.m; sourceTree = "<group>"; };
		1A45BC2A1EADDA10007ECB5D /* Assets.xcassets */ = {isa = PBXFileReference; lastKnownFileType = folder.assetcatalog; path = Assets.xcassets; sourceTree = "<group>"; };
		1A45BC2D1EADDA10007ECB5D /* Base */ = {isa = PBXFileReference; lastKnownFileType = file.storyboard; name = Base; path = Base.lproj/LaunchScreen.storyboard; sourceTree = "<group>"; };
		1A45BC2F1EADDA10007ECB5D /* Info.plist */ = {isa = PBXFileReference; lastKnownFileType = text.plist.xml; path = Info.plist; sourceTree = "<group>"; };
		1A45BC341EADDA10007ECB5D /* WRCellViewDemoTests.xctest */ = {isa = PBXFileReference; explicitFileType = wrapper.cfbundle; includeInIndex = 0; path = WRCellViewDemoTests.xctest; sourceTree = BUILT_PRODUCTS_DIR; };
		1A45BC381EADDA10007ECB5D /* WRCellViewDemoTests.m */ = {isa = PBXFileReference; lastKnownFileType = sourcecode.c.objc; path = WRCellViewDemoTests.m; sourceTree = "<group>"; };
		1A45BC3A1EADDA10007ECB5D /* Info.plist */ = {isa = PBXFileReference; lastKnownFileType = text.plist.xml; path = Info.plist; sourceTree = "<group>"; };
		1A45BC441EADE0F3007ECB5D /* WRCellView.h */ = {isa = PBXFileReference; fileEncoding = 4; lastKnownFileType = sourcecode.c.h; path = WRCellView.h; sourceTree = "<group>"; };
		1A45BC451EADE0F3007ECB5D /* WRCellView.m */ = {isa = PBXFileReference; fileEncoding = 4; lastKnownFileType = sourcecode.c.objc; path = WRCellView.m; sourceTree = "<group>"; };
		1A6343B61EAEF1CF00C646B8 /* DemoListController.h */ = {isa = PBXFileReference; fileEncoding = 4; lastKnownFileType = sourcecode.c.h; path = DemoListController.h; sourceTree = "<group>"; };
		1A6343B71EAEF1CF00C646B8 /* DemoListController.m */ = {isa = PBXFileReference; fileEncoding = 4; lastKnownFileType = sourcecode.c.objc; path = DemoListController.m; sourceTree = "<group>"; };
		1A6343B91EAEF8FD00C646B8 /* MineInfoController.h */ = {isa = PBXFileReference; fileEncoding = 4; lastKnownFileType = sourcecode.c.h; path = MineInfoController.h; sourceTree = "<group>"; };
		1A6343BA1EAEF8FD00C646B8 /* MineInfoController.m */ = {isa = PBXFileReference; fileEncoding = 4; lastKnownFileType = sourcecode.c.objc; path = MineInfoController.m; sourceTree = "<group>"; };
		1A6343BC1EAF30AF00C646B8 /* GaoDeSettingController.h */ = {isa = PBXFileReference; fileEncoding = 4; lastKnownFileType = sourcecode.c.h; path = GaoDeSettingController.h; sourceTree = "<group>"; };
		1A6343BD1EAF30AF00C646B8 /* GaoDeSettingController.m */ = {isa = PBXFileReference; fileEncoding = 4; lastKnownFileType = sourcecode.c.objc; path = GaoDeSettingController.m; sourceTree = "<group>"; };
		1A6343BF1EAF46FE00C646B8 /* NBAController.h */ = {isa = PBXFileReference; fileEncoding = 4; lastKnownFileType = sourcecode.c.h; path = NBAController.h; sourceTree = "<group>"; };
		1A6343C01EAF46FE00C646B8 /* NBAController.m */ = {isa = PBXFileReference; fileEncoding = 4; lastKnownFileType = sourcecode.c.objc; path = NBAController.m; sourceTree = "<group>"; };
/* End PBXFileReference section */

/* Begin PBXFrameworksBuildPhase section */
		1A45BC181EADDA10007ECB5D /* Frameworks */ = {
			isa = PBXFrameworksBuildPhase;
			buildActionMask = 2147483647;
			files = (
			);
			runOnlyForDeploymentPostprocessing = 0;
		};
		1A45BC311EADDA10007ECB5D /* Frameworks */ = {
			isa = PBXFrameworksBuildPhase;
			buildActionMask = 2147483647;
			files = (
			);
			runOnlyForDeploymentPostprocessing = 0;
		};
/* End PBXFrameworksBuildPhase section */

/* Begin PBXGroup section */
		1A45BC121EADDA10007ECB5D = {
			isa = PBXGroup;
			children = (
				1A45BC1D1EADDA10007ECB5D /* WRCellViewDemo */,
				1A45BC371EADDA10007ECB5D /* WRCellViewDemoTests */,
				1A45BC1C1EADDA10007ECB5D /* Products */,
			);
			sourceTree = "<group>";
		};
		1A45BC1C1EADDA10007ECB5D /* Products */ = {
			isa = PBXGroup;
			children = (
				1A45BC1B1EADDA10007ECB5D /* WRCellViewDemo.app */,
				1A45BC341EADDA10007ECB5D /* WRCellViewDemoTests.xctest */,
			);
			name = Products;
			sourceTree = "<group>";
		};
		1A45BC1D1EADDA10007ECB5D /* WRCellViewDemo */ = {
			isa = PBXGroup;
			children = (
				1A45BC211EADDA10007ECB5D /* AppDelegate.h */,
				1A45BC221EADDA10007ECB5D /* AppDelegate.m */,
				1A45BC431EADE0DC007ECB5D /* WRCellView */,
				1A6343B61EAEF1CF00C646B8 /* DemoListController.h */,
				1A6343B71EAEF1CF00C646B8 /* DemoListController.m */,
				1A45BC241EADDA10007ECB5D /* ViewController.h */,
				1A45BC251EADDA10007ECB5D /* ViewController.m */,
				1A6343B91EAEF8FD00C646B8 /* MineInfoController.h */,
				1A6343BA1EAEF8FD00C646B8 /* MineInfoController.m */,
				1A6343BC1EAF30AF00C646B8 /* GaoDeSettingController.h */,
				1A6343BD1EAF30AF00C646B8 /* GaoDeSettingController.m */,
				1A6343BF1EAF46FE00C646B8 /* NBAController.h */,
				1A6343C01EAF46FE00C646B8 /* NBAController.m */,
				1A45BC2A1EADDA10007ECB5D /* Assets.xcassets */,
				1A45BC2C1EADDA10007ECB5D /* LaunchScreen.storyboard */,
				1A45BC2F1EADDA10007ECB5D /* Info.plist */,
				1A45BC1E1EADDA10007ECB5D /* Supporting Files */,
			);
			path = WRCellViewDemo;
			sourceTree = "<group>";
		};
		1A45BC1E1EADDA10007ECB5D /* Supporting Files */ = {
			isa = PBXGroup;
			children = (
				1A45BC1F1EADDA10007ECB5D /* main.m */,
			);
			name = "Supporting Files";
			sourceTree = "<group>";
		};
		1A45BC371EADDA10007ECB5D /* WRCellViewDemoTests */ = {
			isa = PBXGroup;
			children = (
				1A45BC381EADDA10007ECB5D /* WRCellViewDemoTests.m */,
				1A45BC3A1EADDA10007ECB5D /* Info.plist */,
			);
			path = WRCellViewDemoTests;
			sourceTree = "<group>";
		};
		1A45BC431EADE0DC007ECB5D /* WRCellView */ = {
			isa = PBXGroup;
			children = (
				1A45BC441EADE0F3007ECB5D /* WRCellView.h */,
				1A45BC451EADE0F3007ECB5D /* WRCellView.m */,
			);
			path = WRCellView;
			sourceTree = "<group>";
		};
/* End PBXGroup section */

/* Begin PBXNativeTarget section */
		1A45BC1A1EADDA10007ECB5D /* WRCellViewDemo */ = {
			isa = PBXNativeTarget;
			buildConfigurationList = 1A45BC3D1EADDA10007ECB5D /* Build configuration list for PBXNativeTarget "WRCellViewDemo" */;
			buildPhases = (
				1A45BC171EADDA10007ECB5D /* Sources */,
				1A45BC181EADDA10007ECB5D /* Frameworks */,
				1A45BC191EADDA10007ECB5D /* Resources */,
			);
			buildRules = (
			);
			dependencies = (
			);
			name = WRCellViewDemo;
			productName = WRCellViewDemo;
			productReference = 1A45BC1B1EADDA10007ECB5D /* WRCellViewDemo.app */;
			productType = "com.apple.product-type.application";
		};
		1A45BC331EADDA10007ECB5D /* WRCellViewDemoTests */ = {
			isa = PBXNativeTarget;
			buildConfigurationList = 1A45BC401EADDA10007ECB5D /* Build configuration list for PBXNativeTarget "WRCellViewDemoTests" */;
			buildPhases = (
				1A45BC301EADDA10007ECB5D /* Sources */,
				1A45BC311EADDA10007ECB5D /* Frameworks */,
				1A45BC321EADDA10007ECB5D /* Resources */,
			);
			buildRules = (
			);
			dependencies = (
				1A45BC361EADDA10007ECB5D /* PBXTargetDependency */,
			);
			name = WRCellViewDemoTests;
			productName = WRCellViewDemoTests;
			productReference = 1A45BC341EADDA10007ECB5D /* WRCellViewDemoTests.xctest */;
			productType = "com.apple.product-type.bundle.unit-test";
		};
/* End PBXNativeTarget section */

/* Begin PBXProject section */
		1A45BC131EADDA10007ECB5D /* Project object */ = {
			isa = PBXProject;
			attributes = {
				LastUpgradeCheck = 0810;
				ORGANIZATIONNAME = wangrui;
				TargetAttributes = {
					1A45BC1A1EADDA10007ECB5D = {
						CreatedOnToolsVersion = 8.1;
						DevelopmentTeam = 652U6LDTX4;
						ProvisioningStyle = Automatic;
					};
					1A45BC331EADDA10007ECB5D = {
						CreatedOnToolsVersion = 8.1;
						DevelopmentTeam = 652U6LDTX4;
						ProvisioningStyle = Automatic;
						TestTargetID = 1A45BC1A1EADDA10007ECB5D;
					};
				};
			};
			buildConfigurationList = 1A45BC161EADDA10007ECB5D /* Build configuration list for PBXProject "WRCellViewDemo" */;
			compatibilityVersion = "Xcode 3.2";
			developmentRegion = English;
			hasScannedForEncodings = 0;
			knownRegions = (
				en,
				Base,
			);
			mainGroup = 1A45BC121EADDA10007ECB5D;
			productRefGroup = 1A45BC1C1EADDA10007ECB5D /* Products */;
			projectDirPath = "";
			projectRoot = "";
			targets = (
				1A45BC1A1EADDA10007ECB5D /* WRCellViewDemo */,
				1A45BC331EADDA10007ECB5D /* WRCellViewDemoTests */,
			);
		};
/* End PBXProject section */

/* Begin PBXResourcesBuildPhase section */
		1A45BC191EADDA10007ECB5D /* Resources */ = {
			isa = PBXResourcesBuildPhase;
			buildActionMask = 2147483647;
			files = (
				1A45BC2E1EADDA10007ECB5D /* LaunchScreen.storyboard in Resources */,
				1A45BC2B1EADDA10007ECB5D /* Assets.xcassets in Resources */,
			);
			runOnlyForDeploymentPostprocessing = 0;
		};
		1A45BC321EADDA10007ECB5D /* Resources */ = {
			isa = PBXResourcesBuildPhase;
			buildActionMask = 2147483647;
			files = (
			);
			runOnlyForDeploymentPostprocessing = 0;
		};
/* End PBXResourcesBuildPhase section */

/* Begin PBXSourcesBuildPhase section */
		1A45BC171EADDA10007ECB5D /* Sources */ = {
			isa = PBXSourcesBuildPhase;
			buildActionMask = 2147483647;
			files = (
				1A45BC261EADDA10007ECB5D /* ViewController.m in Sources */,
				1A45BC231EADDA10007ECB5D /* AppDelegate.m in Sources */,
				1A6343BB1EAEF8FD00C646B8 /* MineInfoController.m in Sources */,
				1A6343BE1EAF30AF00C646B8 /* GaoDeSettingController.m in Sources */,
				1A45BC461EADE0F3007ECB5D /* WRCellView.m in Sources */,
				1A6343B81EAEF1CF00C646B8 /* DemoListController.m in Sources */,
				1A45BC201EADDA10007ECB5D /* main.m in Sources */,
				1A6343C11EAF46FE00C646B8 /* NBAController.m in Sources */,
			);
			runOnlyForDeploymentPostprocessing = 0;
		};
		1A45BC301EADDA10007ECB5D /* Sources */ = {
			isa = PBXSourcesBuildPhase;
			buildActionMask = 2147483647;
			files = (
				1A45BC391EADDA10007ECB5D /* WRCellViewDemoTests.m in Sources */,
			);
			runOnlyForDeploymentPostprocessing = 0;
		};
/* End PBXSourcesBuildPhase section */

/* Begin PBXTargetDependency section */
		1A45BC361EADDA10007ECB5D /* PBXTargetDependency */ = {
			isa = PBXTargetDependency;
			target = 1A45BC1A1EADDA10007ECB5D /* WRCellViewDemo */;
			targetProxy = 1A45BC351EADDA10007ECB5D /* PBXContainerItemProxy */;
		};
/* End PBXTargetDependency section */

/* Begin PBXVariantGroup section */
		1A45BC2C1EADDA10007ECB5D /* LaunchScreen.storyboard */ = {
			isa = PBXVariantGroup;
			children = (
				1A45BC2D1EADDA10007ECB5D /* Base */,
			);
			name = LaunchScreen.storyboard;
			sourceTree = "<group>";
		};
/* End PBXVariantGroup section */

/* Begin XCBuildConfiguration section */
		1A45BC3B1EADDA10007ECB5D /* Debug */ = {
			isa = XCBuildConfiguration;
			buildSettings = {
				ALWAYS_SEARCH_USER_PATHS = NO;
				CLANG_ANALYZER_NONNULL = YES;
				CLANG_CXX_LANGUAGE_STANDARD = "gnu++0x";
				CLANG_CXX_LIBRARY = "libc++";
				CLANG_ENABLE_MODULES = YES;
				CLANG_ENABLE_OBJC_ARC = YES;
				CLANG_WARN_BOOL_CONVERSION = YES;
				CLANG_WARN_CONSTANT_CONVERSION = YES;
				CLANG_WARN_DIRECT_OBJC_ISA_USAGE = YES_ERROR;
				CLANG_WARN_DOCUMENTATION_COMMENTS = YES;
				CLANG_WARN_EMPTY_BODY = YES;
				CLANG_WARN_ENUM_CONVERSION = YES;
				CLANG_WARN_INFINITE_RECURSION = YES;
				CLANG_WARN_INT_CONVERSION = YES;
				CLANG_WARN_OBJC_ROOT_CLASS = YES_ERROR;
				CLANG_WARN_SUSPICIOUS_MOVES = YES;
				CLANG_WARN_UNREACHABLE_CODE = YES;
				CLANG_WARN__DUPLICATE_METHOD_MATCH = YES;
				"CODE_SIGN_IDENTITY[sdk=iphoneos*]" = "iPhone Developer";
				COPY_PHASE_STRIP = NO;
				DEBUG_INFORMATION_FORMAT = dwarf;
				ENABLE_STRICT_OBJC_MSGSEND = YES;
				ENABLE_TESTABILITY = YES;
				GCC_C_LANGUAGE_STANDARD = gnu99;
				GCC_DYNAMIC_NO_PIC = NO;
				GCC_NO_COMMON_BLOCKS = YES;
				GCC_OPTIMIZATION_LEVEL = 0;
				GCC_PREPROCESSOR_DEFINITIONS = (
					"DEBUG=1",
					"$(inherited)",
				);
				GCC_WARN_64_TO_32_BIT_CONVERSION = YES;
				GCC_WARN_ABOUT_RETURN_TYPE = YES_ERROR;
				GCC_WARN_UNDECLARED_SELECTOR = YES;
				GCC_WARN_UNINITIALIZED_AUTOS = YES_AGGRESSIVE;
				GCC_WARN_UNUSED_FUNCTION = YES;
				GCC_WARN_UNUSED_VARIABLE = YES;
				IPHONEOS_DEPLOYMENT_TARGET = 10.1;
				MTL_ENABLE_DEBUG_INFO = YES;
				ONLY_ACTIVE_ARCH = YES;
				SDKROOT = iphoneos;
				TARGETED_DEVICE_FAMILY = "1,2";
			};
			name = Debug;
		};
		1A45BC3C1EADDA10007ECB5D /* Release */ = {
			isa = XCBuildConfiguration;
			buildSettings = {
				ALWAYS_SEARCH_USER_PATHS = NO;
				CLANG_ANALYZER_NONNULL = YES;
				CLANG_CXX_LANGUAGE_STANDARD = "gnu++0x";
				CLANG_CXX_LIBRARY = "libc++";
				CLANG_ENABLE_MODULES = YES;
				CLANG_ENABLE_OBJC_ARC = YES;
				CLANG_WARN_BOOL_CONVERSION = YES;
				CLANG_WARN_CONSTANT_CONVERSION = YES;
				CLANG_WARN_DIRECT_OBJC_ISA_USAGE = YES_ERROR;
				CLANG_WARN_DOCUMENTATION_COMMENTS = YES;
				CLANG_WARN_EMPTY_BODY = YES;
				CLANG_WARN_ENUM_CONVERSION = YES;
				CLANG_WARN_INFINITE_RECURSION = YES;
				CLANG_WARN_INT_CONVERSION = YES;
				CLANG_WARN_OBJC_ROOT_CLASS = YES_ERROR;
				CLANG_WARN_SUSPICIOUS_MOVES = YES;
				CLANG_WARN_UNREACHABLE_CODE = YES;
				CLANG_WARN__DUPLICATE_METHOD_MATCH = YES;
				"CODE_SIGN_IDENTITY[sdk=iphoneos*]" = "iPhone Developer";
				COPY_PHASE_STRIP = NO;
				DEBUG_INFORMATION_FORMAT = "dwarf-with-dsym";
				ENABLE_NS_ASSERTIONS = NO;
				ENABLE_STRICT_OBJC_MSGSEND = YES;
				GCC_C_LANGUAGE_STANDARD = gnu99;
				GCC_NO_COMMON_BLOCKS = YES;
				GCC_WARN_64_TO_32_BIT_CONVERSION = YES;
				GCC_WARN_ABOUT_RETURN_TYPE = YES_ERROR;
				GCC_WARN_UNDECLARED_SELECTOR = YES;
				GCC_WARN_UNINITIALIZED_AUTOS = YES_AGGRESSIVE;
				GCC_WARN_UNUSED_FUNCTION = YES;
				GCC_WARN_UNUSED_VARIABLE = YES;
				IPHONEOS_DEPLOYMENT_TARGET = 10.1;
				MTL_ENABLE_DEBUG_INFO = NO;
				SDKROOT = iphoneos;
				TARGETED_DEVICE_FAMILY = "1,2";
				VALIDATE_PRODUCT = YES;
			};
			name = Release;
		};
		1A45BC3E1EADDA10007ECB5D /* Debug */ = {
			isa = XCBuildConfiguration;
			buildSettings = {
				ASSETCATALOG_COMPILER_APPICON_NAME = AppIcon;
				DEVELOPMENT_TEAM = 652U6LDTX4;
				INFOPLIST_FILE = WRCellViewDemo/Info.plist;
				LD_RUNPATH_SEARCH_PATHS = "$(inherited) @executable_path/Frameworks";
				PRODUCT_BUNDLE_IDENTIFIER = video.wangrui.com.WRCellViewDemo;
				PRODUCT_NAME = "$(TARGET_NAME)";
			};
			name = Debug;
		};
		1A45BC3F1EADDA10007ECB5D /* Release */ = {
			isa = XCBuildConfiguration;
			buildSettings = {
				ASSETCATALOG_COMPILER_APPICON_NAME = AppIcon;
				DEVELOPMENT_TEAM = 652U6LDTX4;
				INFOPLIST_FILE = WRCellViewDemo/Info.plist;
				LD_RUNPATH_SEARCH_PATHS = "$(inherited) @executable_path/Frameworks";
				PRODUCT_BUNDLE_IDENTIFIER = video.wangrui.com.WRCellViewDemo;
				PRODUCT_NAME = "$(TARGET_NAME)";
			};
			name = Release;
		};
		1A45BC411EADDA10007ECB5D /* Debug */ = {
			isa = XCBuildConfiguration;
			buildSettings = {
				BUNDLE_LOADER = "$(TEST_HOST)";
				DEVELOPMENT_TEAM = 652U6LDTX4;
				INFOPLIST_FILE = WRCellViewDemoTests/Info.plist;
				LD_RUNPATH_SEARCH_PATHS = "$(inherited) @executable_path/Frameworks @loader_path/Frameworks";
				PRODUCT_BUNDLE_IDENTIFIER = video.wangrui.com.WRCellViewDemoTests;
				PRODUCT_NAME = "$(TARGET_NAME)";
				TEST_HOST = "$(BUILT_PRODUCTS_DIR)/WRCellViewDemo.app/WRCellViewDemo";
			};
			name = Debug;
		};
		1A45BC421EADDA10007ECB5D /* Release */ = {
			isa = XCBuildConfiguration;
			buildSettings = {
				BUNDLE_LOADER = "$(TEST_HOST)";
				DEVELOPMENT_TEAM = 652U6LDTX4;
				INFOPLIST_FILE = WRCellViewDemoTests/Info.plist;
				LD_RUNPATH_SEARCH_PATHS = "$(inherited) @executable_path/Frameworks @loader_path/Frameworks";
				PRODUCT_BUNDLE_IDENTIFIER = video.wangrui.com.WRCellViewDemoTests;
				PRODUCT_NAME = "$(TARGET_NAME)";
				TEST_HOST = "$(BUILT_PRODUCTS_DIR)/WRCellViewDemo.app/WRCellViewDemo";
			};
			name = Release;
		};
/* End XCBuildConfiguration section */

/* Begin XCConfigurationList section */
		1A45BC161EADDA10007ECB5D /* Build configuration list for PBXProject "WRCellViewDemo" */ = {
			isa = XCConfigurationList;
			buildConfigurations = (
				1A45BC3B1EADDA10007ECB5D /* Debug */,
				1A45BC3C1EADDA10007ECB5D /* Release */,
			);
			defaultConfigurationIsVisible = 0;
			defaultConfigurationName = Release;
		};
		1A45BC3D1EADDA10007ECB5D /* Build configuration list for PBXNativeTarget "WRCellViewDemo" */ = {
			isa = XCConfigurationList;
			buildConfigurations = (
				1A45BC3E1EADDA10007ECB5D /* Debug */,
				1A45BC3F1EADDA10007ECB5D /* Release */,
			);
			defaultConfigurationIsVisible = 0;
			defaultConfigurationName = Release;
		};
		1A45BC401EADDA10007ECB5D /* Build configuration list for PBXNativeTarget "WRCellViewDemoTests" */ = {
			isa = XCConfigurationList;
			buildConfigurations = (
				1A45BC411EADDA10007ECB5D /* Debug */,
				1A45BC421EADDA10007ECB5D /* Release */,
			);
			defaultConfigurationIsVisible = 0;
			defaultConfigurationName = Release;
		};
/* End XCConfigurationList section */
	};
	rootObject = 1A45BC131EADDA10007ECB5D /* Project object */;
}
